{
  "name": "@legion/mcp-fullstack-monitor",
  "version": "1.0.0",
  "lockfileVersion": 3,
  "requires": true,
  "packages": {
    "": {
      "name": "@legion/mcp-fullstack-monitor",
      "version": "1.0.0",
      "bin": {
        "mcp-fullstack-monitor": "mcp-server.js"
      },
      "engines": {
        "node": ">=18.0.0"
      }
    }
  }
}
